
Microsoft Visual Studio Solution File, Format Version 12.00
# Visual Studio Version 17
VisualStudioVersion = 17.13.35931.197 d17.13
MinimumVisualStudioVersion = 10.0.40219.1
Project("{FAE04EC0-301F-11D3-BF4B-00C04F79EFBC}") = "WarehouseService.Api", "WarehouseService.Api\WarehouseService.Api.csproj", "{4D6D7E8F-3CFD-4837-B2B6-3360F233D400}"
EndProject
Project("{FAE04EC0-301F-11D3-BF4B-00C04F79EFBC}") = "Entities", "Entities\Entities.csproj", "{8FFFB9F1-18FE-472F-9477-4E2D5466BA29}"
EndProject
Global
	GlobalSection(SolutionConfigurationPlatforms) = preSolution
		Debug|Any CPU = Debug|Any CPU
		Release|Any CPU = Release|Any CPU
	EndGlobalSection
	GlobalSection(ProjectConfigurationPlatforms) = postSolution
		{4D6D7E8F-3CFD-4837-B2B6-3360F233D400}.Debug|Any CPU.ActiveCfg = Debug|Any CPU
		{4D6D7E8F-3CFD-4837-B2B6-3360F233D400}.Debug|Any CPU.Build.0 = Debug|Any CPU
		{4D6D7E8F-3CFD-4837-B2B6-3360F233D400}.Release|Any CPU.ActiveCfg = Release|Any CPU
		{4D6D7E8F-3CFD-4837-B2B6-3360F233D400}.Release|Any CPU.Build.0 = Release|Any CPU
		{8FFFB9F1-18FE-472F-9477-4E2D5466BA29}.Debug|Any CPU.ActiveCfg = Debug|Any CPU
		{8FFFB9F1-18FE-472F-9477-4E2D5466BA29}.Debug|Any CPU.Build.0 = Debug|Any CPU
		{8FFFB9F1-18FE-472F-9477-4E2D5466BA29}.Release|Any CPU.ActiveCfg = Release|Any CPU
		{8FFFB9F1-18FE-472F-9477-4E2D5466BA29}.Release|Any CPU.Build.0 = Release|Any CPU
	EndGlobalSection
	GlobalSection(SolutionProperties) = preSolution
		HideSolutionNode = FALSE
	EndGlobalSection
	GlobalSection(ExtensibilityGlobals) = postSolution
		SolutionGuid = {BA5AE022-9FE6-437C-94E6-5923C67B5131}
	EndGlobalSection
EndGlobal
