
Microsoft Visual Studio Solution File, Format Version 12.00
# Visual Studio Version 17
VisualStudioVersion = 17.13.35931.197
MinimumVisualStudioVersion = 10.0.40219.1
Project("{FAE04EC0-301F-11D3-BF4B-00C04F79EFBC}") = "Warehouse.Api", "Warehouse.Api\Warehouse.Api.csproj", "{3769E6BD-1695-4423-B36C-A38EB97C2C24}"
EndProject
Project("{FAE04EC0-301F-11D3-BF4B-00C04F79EFBC}") = "Warehouse.Entities", "Warehouse.Entities\Warehouse.Entities.csproj", "{5C2659BE-4612-4626-8E88-DC8C513C5FEB}"
EndProject
Project("{FAE04EC0-301F-11D3-BF4B-00C04F79EFBC}") = "Warehouse.DataAcces", "Warehouse.DataAcces\Warehouse.DataAcces.csproj", "{1FD5F37B-A146-41A9-9FE4-E90C6175AAB9}"
	ProjectSection(ProjectDependencies) = postProject
		{5C2659BE-4612-4626-8E88-DC8C513C5FEB} = {5C2659BE-4612-4626-8E88-DC8C513C5FEB}
	EndProjectSection
EndProject
Global
	GlobalSection(SolutionConfigurationPlatforms) = preSolution
		Debug|Any CPU = Debug|Any CPU
		Release|Any CPU = Release|Any CPU
	EndGlobalSection
	GlobalSection(ProjectConfigurationPlatforms) = postSolution
		{3769E6BD-1695-4423-B36C-A38EB97C2C24}.Debug|Any CPU.ActiveCfg = Debug|Any CPU
		{3769E6BD-1695-4423-B36C-A38EB97C2C24}.Debug|Any CPU.Build.0 = Debug|Any CPU
		{3769E6BD-1695-4423-B36C-A38EB97C2C24}.Release|Any CPU.ActiveCfg = Release|Any CPU
		{3769E6BD-1695-4423-B36C-A38EB97C2C24}.Release|Any CPU.Build.0 = Release|Any CPU
		{5C2659BE-4612-4626-8E88-DC8C513C5FEB}.Debug|Any CPU.ActiveCfg = Debug|Any CPU
		{5C2659BE-4612-4626-8E88-DC8C513C5FEB}.Debug|Any CPU.Build.0 = Debug|Any CPU
		{5C2659BE-4612-4626-8E88-DC8C513C5FEB}.Release|Any CPU.ActiveCfg = Release|Any CPU
		{5C2659BE-4612-4626-8E88-DC8C513C5FEB}.Release|Any CPU.Build.0 = Release|Any CPU
		{1FD5F37B-A146-41A9-9FE4-E90C6175AAB9}.Debug|Any CPU.ActiveCfg = Debug|Any CPU
		{1FD5F37B-A146-41A9-9FE4-E90C6175AAB9}.Debug|Any CPU.Build.0 = Debug|Any CPU
		{1FD5F37B-A146-41A9-9FE4-E90C6175AAB9}.Release|Any CPU.ActiveCfg = Release|Any CPU
		{1FD5F37B-A146-41A9-9FE4-E90C6175AAB9}.Release|Any CPU.Build.0 = Release|Any CPU
	EndGlobalSection
	GlobalSection(SolutionProperties) = preSolution
		HideSolutionNode = FALSE
	EndGlobalSection
	GlobalSection(ExtensibilityGlobals) = postSolution
		SolutionGuid = {7539FB9B-4667-447E-A034-CFE8EF71400E}
	EndGlobalSection
EndGlobal
